
Microsoft Visual Studio Solution File, Format Version 12.00
# Visual Studio 14
VisualStudioVersion = 14.0.24720.0
MinimumVisualStudioVersion = 10.0.40219.1
Project("{FAE04EC0-301F-11D3-BF4B-00C04F79EFBC}") = "LoggingModule", "LoggingModule\LoggingModule.csproj", "{E803F5E9-2CA6-48AD-95C2-E8CE9A8F858C}"
EndProject
Project("{FAE04EC0-301F-11D3-BF4B-00C04F79EFBC}") = "LoggingModuleTest", "LoggingModuleTest\LoggingModuleTest.csproj", "{321D7704-D1C9-4B96-8B04-6DECDF1B781B}"
EndProject
Global
	GlobalSection(SolutionConfigurationPlatforms) = preSolution
		Debug|Any CPU = Debug|Any CPU
		Release|Any CPU = Release|Any CPU
	EndGlobalSection
	GlobalSection(ProjectConfigurationPlatforms) = postSolution
		{E803F5E9-2CA6-48AD-95C2-E8CE9A8F858C}.Debug|Any CPU.ActiveCfg = Debug|Any CPU
		{E803F5E9-2CA6-48AD-95C2-E8CE9A8F858C}.Debug|Any CPU.Build.0 = Debug|Any CPU
		{E803F5E9-2CA6-48AD-95C2-E8CE9A8F858C}.Release|Any CPU.ActiveCfg = Release|Any CPU
		{E803F5E9-2CA6-48AD-95C2-E8CE9A8F858C}.Release|Any CPU.Build.0 = Release|Any CPU
		{321D7704-D1C9-4B96-8B04-6DECDF1B781B}.Debug|Any CPU.ActiveCfg = Debug|Any CPU
		{321D7704-D1C9-4B96-8B04-6DECDF1B781B}.Debug|Any CPU.Build.0 = Debug|Any CPU
		{321D7704-D1C9-4B96-8B04-6DECDF1B781B}.Release|Any CPU.ActiveCfg = Release|Any CPU
		{321D7704-D1C9-4B96-8B04-6DECDF1B781B}.Release|Any CPU.Build.0 = Release|Any CPU
	EndGlobalSection
	GlobalSection(SolutionProperties) = preSolution
		HideSolutionNode = FALSE
	EndGlobalSection
EndGlobal
