
Microsoft Visual Studio Solution File, Format Version 12.00
# Visual Studio 15
VisualStudioVersion = 15.0.28307.168
MinimumVisualStudioVersion = 10.0.40219.1
Project("{9A19103F-16F7-4668-BE54-9A1E7A4F7556}") = "LoggingModule", "LoggingModule\LoggingModule.csproj", "{09DD98D7-9471-4FF6-BCCD-06DC89B71CFF}"
EndProject
Project("{FAE04EC0-301F-11D3-BF4B-00C04F79EFBC}") = "SyslogServer", "SyslogServer\SyslogServer.csproj", "{5C70F062-A1B9-4DB7-80A7-6DC8D97BDD90}"
EndProject
Project("{FAE04EC0-301F-11D3-BF4B-00C04F79EFBC}") = "Test.Shared", "Test.Shared\Test.Shared.csproj", "{5FA9C787-2929-4D84-A239-0B7ED0B9AAD8}"
EndProject
Project("{FAE04EC0-301F-11D3-BF4B-00C04F79EFBC}") = "Test.Automated", "Test.Automated\Test.Automated.csproj", "{3E64EA86-4390-4171-98D1-1470D6FB077E}"
EndProject
Project("{FAE04EC0-301F-11D3-BF4B-00C04F79EFBC}") = "Test.Xunit", "Test.Xunit\Test.Xunit.csproj", "{20F7CF63-E21E-4AFB-AE52-9E37394CE1A0}"
EndProject
Project("{FAE04EC0-301F-11D3-BF4B-00C04F79EFBC}") = "Test.Nunit", "Test.Nunit\Test.Nunit.csproj", "{ECE513FC-A96E-4F0F-BFE1-66AB360B6F0D}"
EndProject
Global
	GlobalSection(SolutionConfigurationPlatforms) = preSolution
		Debug|Any CPU = Debug|Any CPU
		Debug|x64 = Debug|x64
		Debug|x86 = Debug|x86
		Release|Any CPU = Release|Any CPU
		Release|x64 = Release|x64
		Release|x86 = Release|x86
	EndGlobalSection
	GlobalSection(ProjectConfigurationPlatforms) = postSolution
		{09DD98D7-9471-4FF6-BCCD-06DC89B71CFF}.Debug|Any CPU.ActiveCfg = Debug|Any CPU
		{09DD98D7-9471-4FF6-BCCD-06DC89B71CFF}.Debug|Any CPU.Build.0 = Debug|Any CPU
		{09DD98D7-9471-4FF6-BCCD-06DC89B71CFF}.Debug|x64.ActiveCfg = Debug|Any CPU
		{09DD98D7-9471-4FF6-BCCD-06DC89B71CFF}.Debug|x64.Build.0 = Debug|Any CPU
		{09DD98D7-9471-4FF6-BCCD-06DC89B71CFF}.Debug|x86.ActiveCfg = Debug|Any CPU
		{09DD98D7-9471-4FF6-BCCD-06DC89B71CFF}.Debug|x86.Build.0 = Debug|Any CPU
		{09DD98D7-9471-4FF6-BCCD-06DC89B71CFF}.Release|Any CPU.ActiveCfg = Release|Any CPU
		{09DD98D7-9471-4FF6-BCCD-06DC89B71CFF}.Release|Any CPU.Build.0 = Release|Any CPU
		{09DD98D7-9471-4FF6-BCCD-06DC89B71CFF}.Release|x64.ActiveCfg = Release|Any CPU
		{09DD98D7-9471-4FF6-BCCD-06DC89B71CFF}.Release|x64.Build.0 = Release|Any CPU
		{09DD98D7-9471-4FF6-BCCD-06DC89B71CFF}.Release|x86.ActiveCfg = Release|Any CPU
		{09DD98D7-9471-4FF6-BCCD-06DC89B71CFF}.Release|x86.Build.0 = Release|Any CPU
		{5C70F062-A1B9-4DB7-80A7-6DC8D97BDD90}.Debug|Any CPU.ActiveCfg = Debug|Any CPU
		{5C70F062-A1B9-4DB7-80A7-6DC8D97BDD90}.Debug|Any CPU.Build.0 = Debug|Any CPU
		{5C70F062-A1B9-4DB7-80A7-6DC8D97BDD90}.Debug|x64.ActiveCfg = Debug|Any CPU
		{5C70F062-A1B9-4DB7-80A7-6DC8D97BDD90}.Debug|x64.Build.0 = Debug|Any CPU
		{5C70F062-A1B9-4DB7-80A7-6DC8D97BDD90}.Debug|x86.ActiveCfg = Debug|Any CPU
		{5C70F062-A1B9-4DB7-80A7-6DC8D97BDD90}.Debug|x86.Build.0 = Debug|Any CPU
		{5C70F062-A1B9-4DB7-80A7-6DC8D97BDD90}.Release|Any CPU.ActiveCfg = Release|Any CPU
		{5C70F062-A1B9-4DB7-80A7-6DC8D97BDD90}.Release|Any CPU.Build.0 = Release|Any CPU
		{5C70F062-A1B9-4DB7-80A7-6DC8D97BDD90}.Release|x64.ActiveCfg = Release|Any CPU
		{5C70F062-A1B9-4DB7-80A7-6DC8D97BDD90}.Release|x64.Build.0 = Release|Any CPU
		{5C70F062-A1B9-4DB7-80A7-6DC8D97BDD90}.Release|x86.ActiveCfg = Release|Any CPU
		{5C70F062-A1B9-4DB7-80A7-6DC8D97BDD90}.Release|x86.Build.0 = Release|Any CPU
		{5FA9C787-2929-4D84-A239-0B7ED0B9AAD8}.Debug|Any CPU.ActiveCfg = Debug|Any CPU
		{5FA9C787-2929-4D84-A239-0B7ED0B9AAD8}.Debug|Any CPU.Build.0 = Debug|Any CPU
		{5FA9C787-2929-4D84-A239-0B7ED0B9AAD8}.Debug|x64.ActiveCfg = Debug|Any CPU
		{5FA9C787-2929-4D84-A239-0B7ED0B9AAD8}.Debug|x64.Build.0 = Debug|Any CPU
		{5FA9C787-2929-4D84-A239-0B7ED0B9AAD8}.Debug|x86.ActiveCfg = Debug|Any CPU
		{5FA9C787-2929-4D84-A239-0B7ED0B9AAD8}.Debug|x86.Build.0 = Debug|Any CPU
		{5FA9C787-2929-4D84-A239-0B7ED0B9AAD8}.Release|Any CPU.ActiveCfg = Release|Any CPU
		{5FA9C787-2929-4D84-A239-0B7ED0B9AAD8}.Release|Any CPU.Build.0 = Release|Any CPU
		{5FA9C787-2929-4D84-A239-0B7ED0B9AAD8}.Release|x64.ActiveCfg = Release|Any CPU
		{5FA9C787-2929-4D84-A239-0B7ED0B9AAD8}.Release|x64.Build.0 = Release|Any CPU
		{5FA9C787-2929-4D84-A239-0B7ED0B9AAD8}.Release|x86.ActiveCfg = Release|Any CPU
		{5FA9C787-2929-4D84-A239-0B7ED0B9AAD8}.Release|x86.Build.0 = Release|Any CPU
		{3E64EA86-4390-4171-98D1-1470D6FB077E}.Debug|Any CPU.ActiveCfg = Debug|Any CPU
		{3E64EA86-4390-4171-98D1-1470D6FB077E}.Debug|Any CPU.Build.0 = Debug|Any CPU
		{3E64EA86-4390-4171-98D1-1470D6FB077E}.Debug|x64.ActiveCfg = Debug|Any CPU
		{3E64EA86-4390-4171-98D1-1470D6FB077E}.Debug|x64.Build.0 = Debug|Any CPU
		{3E64EA86-4390-4171-98D1-1470D6FB077E}.Debug|x86.ActiveCfg = Debug|Any CPU
		{3E64EA86-4390-4171-98D1-1470D6FB077E}.Debug|x86.Build.0 = Debug|Any CPU
		{3E64EA86-4390-4171-98D1-1470D6FB077E}.Release|Any CPU.ActiveCfg = Release|Any CPU
		{3E64EA86-4390-4171-98D1-1470D6FB077E}.Release|Any CPU.Build.0 = Release|Any CPU
		{3E64EA86-4390-4171-98D1-1470D6FB077E}.Release|x64.ActiveCfg = Release|Any CPU
		{3E64EA86-4390-4171-98D1-1470D6FB077E}.Release|x64.Build.0 = Release|Any CPU
		{3E64EA86-4390-4171-98D1-1470D6FB077E}.Release|x86.ActiveCfg = Release|Any CPU
		{3E64EA86-4390-4171-98D1-1470D6FB077E}.Release|x86.Build.0 = Release|Any CPU
		{20F7CF63-E21E-4AFB-AE52-9E37394CE1A0}.Debug|Any CPU.ActiveCfg = Debug|Any CPU
		{20F7CF63-E21E-4AFB-AE52-9E37394CE1A0}.Debug|Any CPU.Build.0 = Debug|Any CPU
		{20F7CF63-E21E-4AFB-AE52-9E37394CE1A0}.Debug|x64.ActiveCfg = Debug|Any CPU
		{20F7CF63-E21E-4AFB-AE52-9E37394CE1A0}.Debug|x64.Build.0 = Debug|Any CPU
		{20F7CF63-E21E-4AFB-AE52-9E37394CE1A0}.Debug|x86.ActiveCfg = Debug|Any CPU
		{20F7CF63-E21E-4AFB-AE52-9E37394CE1A0}.Debug|x86.Build.0 = Debug|Any CPU
		{20F7CF63-E21E-4AFB-AE52-9E37394CE1A0}.Release|Any CPU.ActiveCfg = Release|Any CPU
		{20F7CF63-E21E-4AFB-AE52-9E37394CE1A0}.Release|Any CPU.Build.0 = Release|Any CPU
		{20F7CF63-E21E-4AFB-AE52-9E37394CE1A0}.Release|x64.ActiveCfg = Release|Any CPU
		{20F7CF63-E21E-4AFB-AE52-9E37394CE1A0}.Release|x64.Build.0 = Release|Any CPU
		{20F7CF63-E21E-4AFB-AE52-9E37394CE1A0}.Release|x86.ActiveCfg = Release|Any CPU
		{20F7CF63-E21E-4AFB-AE52-9E37394CE1A0}.Release|x86.Build.0 = Release|Any CPU
		{ECE513FC-A96E-4F0F-BFE1-66AB360B6F0D}.Debug|Any CPU.ActiveCfg = Debug|Any CPU
		{ECE513FC-A96E-4F0F-BFE1-66AB360B6F0D}.Debug|Any CPU.Build.0 = Debug|Any CPU
		{ECE513FC-A96E-4F0F-BFE1-66AB360B6F0D}.Debug|x64.ActiveCfg = Debug|Any CPU
		{ECE513FC-A96E-4F0F-BFE1-66AB360B6F0D}.Debug|x64.Build.0 = Debug|Any CPU
		{ECE513FC-A96E-4F0F-BFE1-66AB360B6F0D}.Debug|x86.ActiveCfg = Debug|Any CPU
		{ECE513FC-A96E-4F0F-BFE1-66AB360B6F0D}.Debug|x86.Build.0 = Debug|Any CPU
		{ECE513FC-A96E-4F0F-BFE1-66AB360B6F0D}.Release|Any CPU.ActiveCfg = Release|Any CPU
		{ECE513FC-A96E-4F0F-BFE1-66AB360B6F0D}.Release|Any CPU.Build.0 = Release|Any CPU
		{ECE513FC-A96E-4F0F-BFE1-66AB360B6F0D}.Release|x64.ActiveCfg = Release|Any CPU
		{ECE513FC-A96E-4F0F-BFE1-66AB360B6F0D}.Release|x64.Build.0 = Release|Any CPU
		{ECE513FC-A96E-4F0F-BFE1-66AB360B6F0D}.Release|x86.ActiveCfg = Release|Any CPU
		{ECE513FC-A96E-4F0F-BFE1-66AB360B6F0D}.Release|x86.Build.0 = Release|Any CPU
	EndGlobalSection
	GlobalSection(SolutionProperties) = preSolution
		HideSolutionNode = FALSE
	EndGlobalSection
	GlobalSection(ExtensibilityGlobals) = postSolution
		SolutionGuid = {FDE2739A-DD20-4684-ADA8-3A73F87C8198}
	EndGlobalSection
EndGlobal
